// !$*UTF8*$!
{
	archiveVersion = 1;
	classes = {
	};
	objectVersion = 56;
	objects = {

/* Begin PBXBuildFile section */
		26094BFB2AD69724000AAD3B /* NaviButtonView.swift in Sources */ = {isa = PBXBuildFile; fileRef = 26094BFA2AD69724000AAD3B /* NaviButtonView.swift */; };
		26094C022AD87577000AAD3B /* NavigationController.swift in Sources */ = {isa = PBXBuildFile; fileRef = 26094C012AD87577000AAD3B /* NavigationController.swift */; };
		26094C042AD87943000AAD3B /* WriteView.swift in Sources */ = {isa = PBXBuildFile; fileRef = 26094C032AD87943000AAD3B /* WriteView.swift */; };
		26094C072AD87971000AAD3B /* WriteViewController.swift in Sources */ = {isa = PBXBuildFile; fileRef = 26094C062AD87971000AAD3B /* WriteViewController.swift */; };
		26094C0A2ADC3E9E000AAD3B /* WriteModel.swift in Sources */ = {isa = PBXBuildFile; fileRef = 26094C092ADC3E9E000AAD3B /* WriteModel.swift */; };
		26EA7E4C2AD1540300FFE7ED /* ReportViewController.swift in Sources */ = {isa = PBXBuildFile; fileRef = 26EA7E4B2AD1540300FFE7ED /* ReportViewController.swift */; };
		2A2E02E32AD54D970026C495 /* LoginViewController.swift in Sources */ = {isa = PBXBuildFile; fileRef = 2A2E02E22AD54D970026C495 /* LoginViewController.swift */; };
		2A2E02E62AD5510F0026C495 /* GoogleService-Info.plist in Resources */ = {isa = PBXBuildFile; fileRef = 2A2E02E52AD5510F0026C495 /* GoogleService-Info.plist */; };
		2A2E02E82AD5551C0026C495 /* GoogleSignIn in Frameworks */ = {isa = PBXBuildFile; productRef = 2A2E02E72AD5551C0026C495 /* GoogleSignIn */; };
		2A2E02EA2AD5551C0026C495 /* GoogleSignInSwift in Frameworks */ = {isa = PBXBuildFile; productRef = 2A2E02E92AD5551C0026C495 /* GoogleSignInSwift */; };
		2A74D6742ADD27DF00800E9E /* AppleSignIn.swift in Sources */ = {isa = PBXBuildFile; fileRef = 2A74D6732ADD27DF00800E9E /* AppleSignIn.swift */; };
		2A74D6772ADD2C4300800E9E /* GoogleSignIn.swift in Sources */ = {isa = PBXBuildFile; fileRef = 2A74D6762ADD2C4200800E9E /* GoogleSignIn.swift */; };
		2A74D6792ADD2CBB00800E9E /* FirebaseAuth.swift in Sources */ = {isa = PBXBuildFile; fileRef = 2A74D6782ADD2CBB00800E9E /* FirebaseAuth.swift */; };
		2A99A2652AD681DB0090155C /* QuizView.swift in Sources */ = {isa = PBXBuildFile; fileRef = 2A99A2642AD681DB0090155C /* QuizView.swift */; };
		2A99A2672AD682050090155C /* QuizeModel.swift in Sources */ = {isa = PBXBuildFile; fileRef = 2A99A2662AD682050090155C /* QuizeModel.swift */; };
		2A99A2692AD6882F0090155C /* ReportView.swift in Sources */ = {isa = PBXBuildFile; fileRef = 2A99A2682AD6882F0090155C /* ReportView.swift */; };
		2A99A26B2AD688660090155C /* TextView.swift in Sources */ = {isa = PBXBuildFile; fileRef = 2A99A26A2AD688660090155C /* TextView.swift */; };
		2AFC98AE2ACD4A2100AB349D /* AppDelegate.swift in Sources */ = {isa = PBXBuildFile; fileRef = 2AFC98AD2ACD4A2100AB349D /* AppDelegate.swift */; };
		2AFC98B02ACD4A2100AB349D /* SceneDelegate.swift in Sources */ = {isa = PBXBuildFile; fileRef = 2AFC98AF2ACD4A2100AB349D /* SceneDelegate.swift */; };
		2AFC98B72ACD4A3400AB349D /* Assets.xcassets in Resources */ = {isa = PBXBuildFile; fileRef = 2AFC98B62ACD4A3400AB349D /* Assets.xcassets */; };
		2AFC98BA2ACD4A3400AB349D /* LaunchScreen.storyboard in Resources */ = {isa = PBXBuildFile; fileRef = 2AFC98B82ACD4A3400AB349D /* LaunchScreen.storyboard */; };
		2AFC98C52ACD4A3500AB349D /* HelfyTests.swift in Sources */ = {isa = PBXBuildFile; fileRef = 2AFC98C42ACD4A3500AB349D /* HelfyTests.swift */; };
		2AFC98CF2ACD4A3500AB349D /* HelfyUITests.swift in Sources */ = {isa = PBXBuildFile; fileRef = 2AFC98CE2ACD4A3500AB349D /* HelfyUITests.swift */; };
		2AFC98D12ACD4A3500AB349D /* HelfyUITestsLaunchTests.swift in Sources */ = {isa = PBXBuildFile; fileRef = 2AFC98D02ACD4A3500AB349D /* HelfyUITestsLaunchTests.swift */; };
		2AFC98E12ACD4DB700AB349D /* FirebaseAnalytics in Frameworks */ = {isa = PBXBuildFile; productRef = 2AFC98E02ACD4DB700AB349D /* FirebaseAnalytics */; };
		2AFC98E32ACD4DB700AB349D /* FirebaseAnalyticsOnDeviceConversion in Frameworks */ = {isa = PBXBuildFile; productRef = 2AFC98E22ACD4DB700AB349D /* FirebaseAnalyticsOnDeviceConversion */; };
		2AFC98E52ACD4DB700AB349D /* FirebaseAnalyticsSwift in Frameworks */ = {isa = PBXBuildFile; productRef = 2AFC98E42ACD4DB700AB349D /* FirebaseAnalyticsSwift */; };
		2AFC98E72ACD4DB700AB349D /* FirebaseAnalyticsWithoutAdIdSupport in Frameworks */ = {isa = PBXBuildFile; productRef = 2AFC98E62ACD4DB700AB349D /* FirebaseAnalyticsWithoutAdIdSupport */; };
		2AFC98E92ACD4DB700AB349D /* FirebaseAppCheck in Frameworks */ = {isa = PBXBuildFile; productRef = 2AFC98E82ACD4DB700AB349D /* FirebaseAppCheck */; };
		2AFDABE22AFF8E0200A8E19C /* FirebaseAuth in Frameworks */ = {isa = PBXBuildFile; productRef = 2AFDABE12AFF8E0200A8E19C /* FirebaseAuth */; };
		C141B8FB2AFB49D10000FFA8 /* MypageView.swift in Sources */ = {isa = PBXBuildFile; fileRef = C141B8FA2AFB49D10000FFA8 /* MypageView.swift */; };
		C141B8FD2AFB4A750000FFA8 /* MypageModel.swift in Sources */ = {isa = PBXBuildFile; fileRef = C141B8FC2AFB4A750000FFA8 /* MypageModel.swift */; };
		C141B8FF2AFB4AC80000FFA8 /* MypageViewController.swift in Sources */ = {isa = PBXBuildFile; fileRef = C141B8FE2AFB4AC80000FFA8 /* MypageViewController.swift */; };
		C1735B3C2AD03F61002FFB77 /* QuizViewController.swift in Sources */ = {isa = PBXBuildFile; fileRef = C1735B3B2AD03F61002FFB77 /* QuizViewController.swift */; };
		C1735B3E2AD042E5002FFB77 /* RankingView.swift in Sources */ = {isa = PBXBuildFile; fileRef = C1735B3D2AD042E5002FFB77 /* RankingView.swift */; };
		C1735B422AD04532002FFB77 /* RankingModel.swift in Sources */ = {isa = PBXBuildFile; fileRef = C1735B412AD04532002FFB77 /* RankingModel.swift */; };
		C1CF0F322AED41270052EC8F /* BottomTabBarView.swift in Sources */ = {isa = PBXBuildFile; fileRef = C1CF0F312AED41270052EC8F /* BottomTabBarView.swift */; };
		C1CF0F342AED472F0052EC8F /* TabBarViewController.swift in Sources */ = {isa = PBXBuildFile; fileRef = C1CF0F332AED472F0052EC8F /* TabBarViewController.swift */; };
		C1CF0F362AEFA9E70052EC8F /* HomeViewController.swift in Sources */ = {isa = PBXBuildFile; fileRef = C1CF0F352AEFA9E70052EC8F /* HomeViewController.swift */; };
		C1CF0F382AEFAA2C0052EC8F /* CommunityViewController.swift in Sources */ = {isa = PBXBuildFile; fileRef = C1CF0F372AEFAA2C0052EC8F /* CommunityViewController.swift */; };
		C1F638E42B0DD24700D4F8C8 /* QuestionView.swift in Sources */ = {isa = PBXBuildFile; fileRef = C1F638E32B0DD24700D4F8C8 /* QuestionView.swift */; };
		C1F638E62B0DD26600D4F8C8 /* QuestionModel.swift in Sources */ = {isa = PBXBuildFile; fileRef = C1F638E52B0DD26600D4F8C8 /* QuestionModel.swift */; };
		C1F638E82B0DD27D00D4F8C8 /* QuestionViewController.swift in Sources */ = {isa = PBXBuildFile; fileRef = C1F638E72B0DD27D00D4F8C8 /* QuestionViewController.swift */; };
		C1F638EC2B0F483100D4F8C8 /* ChoiceView.swift in Sources */ = {isa = PBXBuildFile; fileRef = C1F638EB2B0F483100D4F8C8 /* ChoiceView.swift */; };
		C1F638EE2B0F484100D4F8C8 /* MultipleChoiceView.swift in Sources */ = {isa = PBXBuildFile; fileRef = C1F638ED2B0F484100D4F8C8 /* MultipleChoiceView.swift */; };
		C1F638F02B0F485000D4F8C8 /* TrueOrFalseQuestionView.swift in Sources */ = {isa = PBXBuildFile; fileRef = C1F638EF2B0F485000D4F8C8 /* TrueOrFalseQuestionView.swift */; };
/* End PBXBuildFile section */

/* Begin PBXContainerItemProxy section */
		2AFC98C12ACD4A3500AB349D /* PBXContainerItemProxy */ = {
			isa = PBXContainerItemProxy;
			containerPortal = 2AFC98A22ACD4A2100AB349D /* Project object */;
			proxyType = 1;
			remoteGlobalIDString = 2AFC98A92ACD4A2100AB349D;
			remoteInfo = Helfy;
		};
		2AFC98CB2ACD4A3500AB349D /* PBXContainerItemProxy */ = {
			isa = PBXContainerItemProxy;
			containerPortal = 2AFC98A22ACD4A2100AB349D /* Project object */;
			proxyType = 1;
			remoteGlobalIDString = 2AFC98A92ACD4A2100AB349D;
			remoteInfo = Helfy;
		};
/* End PBXContainerItemProxy section */

/* Begin PBXFileReference section */
		26094BFA2AD69724000AAD3B /* NaviButtonView.swift */ = {isa = PBXFileReference; lastKnownFileType = sourcecode.swift; path = NaviButtonView.swift; sourceTree = "<group>"; };
		26094C012AD87577000AAD3B /* NavigationController.swift */ = {isa = PBXFileReference; lastKnownFileType = sourcecode.swift; path = NavigationController.swift; sourceTree = "<group>"; };
		26094C032AD87943000AAD3B /* WriteView.swift */ = {isa = PBXFileReference; lastKnownFileType = sourcecode.swift; path = WriteView.swift; sourceTree = "<group>"; };
		26094C062AD87971000AAD3B /* WriteViewController.swift */ = {isa = PBXFileReference; lastKnownFileType = sourcecode.swift; path = WriteViewController.swift; sourceTree = "<group>"; };
		26094C092ADC3E9E000AAD3B /* WriteModel.swift */ = {isa = PBXFileReference; lastKnownFileType = sourcecode.swift; path = WriteModel.swift; sourceTree = "<group>"; };
		26EA7E4B2AD1540300FFE7ED /* ReportViewController.swift */ = {isa = PBXFileReference; lastKnownFileType = sourcecode.swift; path = ReportViewController.swift; sourceTree = "<group>"; };
		2A2E02E22AD54D970026C495 /* LoginViewController.swift */ = {isa = PBXFileReference; lastKnownFileType = sourcecode.swift; path = LoginViewController.swift; sourceTree = "<group>"; };
		2A2E02E52AD5510F0026C495 /* GoogleService-Info.plist */ = {isa = PBXFileReference; fileEncoding = 4; lastKnownFileType = text.plist.xml; path = "GoogleService-Info.plist"; sourceTree = "<group>"; };
		2A74D6732ADD27DF00800E9E /* AppleSignIn.swift */ = {isa = PBXFileReference; lastKnownFileType = sourcecode.swift; path = AppleSignIn.swift; sourceTree = "<group>"; };
		2A74D6762ADD2C4200800E9E /* GoogleSignIn.swift */ = {isa = PBXFileReference; lastKnownFileType = sourcecode.swift; path = GoogleSignIn.swift; sourceTree = "<group>"; };
		2A74D6782ADD2CBB00800E9E /* FirebaseAuth.swift */ = {isa = PBXFileReference; lastKnownFileType = sourcecode.swift; path = FirebaseAuth.swift; sourceTree = "<group>"; };
		2A99A2642AD681DB0090155C /* QuizView.swift */ = {isa = PBXFileReference; lastKnownFileType = sourcecode.swift; path = QuizView.swift; sourceTree = "<group>"; };
		2A99A2662AD682050090155C /* QuizeModel.swift */ = {isa = PBXFileReference; lastKnownFileType = sourcecode.swift; path = QuizeModel.swift; sourceTree = "<group>"; };
		2A99A2682AD6882F0090155C /* ReportView.swift */ = {isa = PBXFileReference; lastKnownFileType = sourcecode.swift; path = ReportView.swift; sourceTree = "<group>"; };
		2A99A26A2AD688660090155C /* TextView.swift */ = {isa = PBXFileReference; lastKnownFileType = sourcecode.swift; path = TextView.swift; sourceTree = "<group>"; };
		2AFC98AA2ACD4A2100AB349D /* Helfy.app */ = {isa = PBXFileReference; explicitFileType = wrapper.application; includeInIndex = 0; path = Helfy.app; sourceTree = BUILT_PRODUCTS_DIR; };
		2AFC98AD2ACD4A2100AB349D /* AppDelegate.swift */ = {isa = PBXFileReference; lastKnownFileType = sourcecode.swift; path = AppDelegate.swift; sourceTree = "<group>"; };
		2AFC98AF2ACD4A2100AB349D /* SceneDelegate.swift */ = {isa = PBXFileReference; lastKnownFileType = sourcecode.swift; path = SceneDelegate.swift; sourceTree = "<group>"; };
		2AFC98B62ACD4A3400AB349D /* Assets.xcassets */ = {isa = PBXFileReference; lastKnownFileType = folder.assetcatalog; path = Assets.xcassets; sourceTree = "<group>"; };
		2AFC98B92ACD4A3400AB349D /* Base */ = {isa = PBXFileReference; lastKnownFileType = file.storyboard; name = Base; path = Base.lproj/LaunchScreen.storyboard; sourceTree = "<group>"; };
		2AFC98BB2ACD4A3400AB349D /* Info.plist */ = {isa = PBXFileReference; lastKnownFileType = text.plist.xml; path = Info.plist; sourceTree = "<group>"; };
		2AFC98C02ACD4A3500AB349D /* HelfyTests.xctest */ = {isa = PBXFileReference; explicitFileType = wrapper.cfbundle; includeInIndex = 0; path = HelfyTests.xctest; sourceTree = BUILT_PRODUCTS_DIR; };
		2AFC98C42ACD4A3500AB349D /* HelfyTests.swift */ = {isa = PBXFileReference; lastKnownFileType = sourcecode.swift; path = HelfyTests.swift; sourceTree = "<group>"; };
		2AFC98CA2ACD4A3500AB349D /* HelfyUITests.xctest */ = {isa = PBXFileReference; explicitFileType = wrapper.cfbundle; includeInIndex = 0; path = HelfyUITests.xctest; sourceTree = BUILT_PRODUCTS_DIR; };
		2AFC98CE2ACD4A3500AB349D /* HelfyUITests.swift */ = {isa = PBXFileReference; lastKnownFileType = sourcecode.swift; path = HelfyUITests.swift; sourceTree = "<group>"; };
		2AFC98D02ACD4A3500AB349D /* HelfyUITestsLaunchTests.swift */ = {isa = PBXFileReference; lastKnownFileType = sourcecode.swift; path = HelfyUITestsLaunchTests.swift; sourceTree = "<group>"; };
		2AFDABE02AFF8B3400A8E19C /* Helfy.entitlements */ = {isa = PBXFileReference; lastKnownFileType = text.plist.entitlements; path = Helfy.entitlements; sourceTree = "<group>"; };
		C141B8FA2AFB49D10000FFA8 /* MypageView.swift */ = {isa = PBXFileReference; lastKnownFileType = sourcecode.swift; path = MypageView.swift; sourceTree = "<group>"; };
		C141B8FC2AFB4A750000FFA8 /* MypageModel.swift */ = {isa = PBXFileReference; lastKnownFileType = sourcecode.swift; path = MypageModel.swift; sourceTree = "<group>"; };
		C141B8FE2AFB4AC80000FFA8 /* MypageViewController.swift */ = {isa = PBXFileReference; lastKnownFileType = sourcecode.swift; path = MypageViewController.swift; sourceTree = "<group>"; };
		C1735B3B2AD03F61002FFB77 /* QuizViewController.swift */ = {isa = PBXFileReference; lastKnownFileType = sourcecode.swift; path = QuizViewController.swift; sourceTree = "<group>"; };
		C1735B3D2AD042E5002FFB77 /* RankingView.swift */ = {isa = PBXFileReference; lastKnownFileType = sourcecode.swift; path = RankingView.swift; sourceTree = "<group>"; };
		C1735B412AD04532002FFB77 /* RankingModel.swift */ = {isa = PBXFileReference; lastKnownFileType = sourcecode.swift; path = RankingModel.swift; sourceTree = "<group>"; };
		C1CF0F312AED41270052EC8F /* BottomTabBarView.swift */ = {isa = PBXFileReference; lastKnownFileType = sourcecode.swift; path = BottomTabBarView.swift; sourceTree = "<group>"; };
		C1CF0F332AED472F0052EC8F /* TabBarViewController.swift */ = {isa = PBXFileReference; lastKnownFileType = sourcecode.swift; path = TabBarViewController.swift; sourceTree = "<group>"; };
		C1CF0F352AEFA9E70052EC8F /* HomeViewController.swift */ = {isa = PBXFileReference; lastKnownFileType = sourcecode.swift; path = HomeViewController.swift; sourceTree = "<group>"; };
		C1CF0F372AEFAA2C0052EC8F /* CommunityViewController.swift */ = {isa = PBXFileReference; lastKnownFileType = sourcecode.swift; path = CommunityViewController.swift; sourceTree = "<group>"; };
		C1F638E32B0DD24700D4F8C8 /* QuestionView.swift */ = {isa = PBXFileReference; lastKnownFileType = sourcecode.swift; path = QuestionView.swift; sourceTree = "<group>"; };
		C1F638E52B0DD26600D4F8C8 /* QuestionModel.swift */ = {isa = PBXFileReference; lastKnownFileType = sourcecode.swift; path = QuestionModel.swift; sourceTree = "<group>"; };
		C1F638E72B0DD27D00D4F8C8 /* QuestionViewController.swift */ = {isa = PBXFileReference; lastKnownFileType = sourcecode.swift; path = QuestionViewController.swift; sourceTree = "<group>"; };
		C1F638EB2B0F483100D4F8C8 /* ChoiceView.swift */ = {isa = PBXFileReference; lastKnownFileType = sourcecode.swift; path = ChoiceView.swift; sourceTree = "<group>"; };
		C1F638ED2B0F484100D4F8C8 /* MultipleChoiceView.swift */ = {isa = PBXFileReference; lastKnownFileType = sourcecode.swift; path = MultipleChoiceView.swift; sourceTree = "<group>"; };
		C1F638EF2B0F485000D4F8C8 /* TrueOrFalseQuestionView.swift */ = {isa = PBXFileReference; lastKnownFileType = sourcecode.swift; path = TrueOrFalseQuestionView.swift; sourceTree = "<group>"; };
/* End PBXFileReference section */

/* Begin PBXFrameworksBuildPhase section */
		2AFC98A72ACD4A2100AB349D /* Frameworks */ = {
			isa = PBXFrameworksBuildPhase;
			buildActionMask = 2147483647;
			files = (
				2AFC98E52ACD4DB700AB349D /* FirebaseAnalyticsSwift in Frameworks */,
				2AFC98E12ACD4DB700AB349D /* FirebaseAnalytics in Frameworks */,
				2A2E02EA2AD5551C0026C495 /* GoogleSignInSwift in Frameworks */,
				2AFC98E32ACD4DB700AB349D /* FirebaseAnalyticsOnDeviceConversion in Frameworks */,
				2AFC98E92ACD4DB700AB349D /* FirebaseAppCheck in Frameworks */,
				2AFC98E72ACD4DB700AB349D /* FirebaseAnalyticsWithoutAdIdSupport in Frameworks */,
				2A2E02E82AD5551C0026C495 /* GoogleSignIn in Frameworks */,
				2AFDABE22AFF8E0200A8E19C /* FirebaseAuth in Frameworks */,
			);
			runOnlyForDeploymentPostprocessing = 0;
		};
		2AFC98BD2ACD4A3500AB349D /* Frameworks */ = {
			isa = PBXFrameworksBuildPhase;
			buildActionMask = 2147483647;
			files = (
			);
			runOnlyForDeploymentPostprocessing = 0;
		};
		2AFC98C72ACD4A3500AB349D /* Frameworks */ = {
			isa = PBXFrameworksBuildPhase;
			buildActionMask = 2147483647;
			files = (
			);
			runOnlyForDeploymentPostprocessing = 0;
		};
/* End PBXFrameworksBuildPhase section */

/* Begin PBXGroup section */
		2A74D6752ADD2C3300800E9E /* Login */ = {
			isa = PBXGroup;
			children = (
				2A74D6762ADD2C4200800E9E /* GoogleSignIn.swift */,
				2A74D6782ADD2CBB00800E9E /* FirebaseAuth.swift */,
				2A74D6732ADD27DF00800E9E /* AppleSignIn.swift */,
			);
			path = Login;
			sourceTree = "<group>";
		};
		2AB9D1422ACFF42B00686F83 /* Controller */ = {
			isa = PBXGroup;
			children = (
				2A74D6752ADD2C3300800E9E /* Login */,
				C1735B3B2AD03F61002FFB77 /* QuizViewController.swift */,
				26EA7E4B2AD1540300FFE7ED /* ReportViewController.swift */,
				2A2E02E22AD54D970026C495 /* LoginViewController.swift */,
				C1CF0F332AED472F0052EC8F /* TabBarViewController.swift */,
				C1CF0F352AEFA9E70052EC8F /* HomeViewController.swift */,
				C1CF0F372AEFAA2C0052EC8F /* CommunityViewController.swift */,
				26094C012AD87577000AAD3B /* NavigationController.swift */,
				26094C062AD87971000AAD3B /* WriteViewController.swift */,
				C141B8FE2AFB4AC80000FFA8 /* MypageViewController.swift */,
				C1F638E72B0DD27D00D4F8C8 /* QuestionViewController.swift */,
			);
			path = Controller;
			sourceTree = "<group>";
		};
		2AFC98A12ACD4A2100AB349D = {
			isa = PBXGroup;
			children = (
				2AFC98AC2ACD4A2100AB349D /* Helfy */,
				2AFC98C32ACD4A3500AB349D /* HelfyTests */,
				2AFC98CD2ACD4A3500AB349D /* HelfyUITests */,
				2AFC98AB2ACD4A2100AB349D /* Products */,
				C141B8F72AFB44910000FFA8 /* Frameworks */,
			);
			sourceTree = "<group>";
		};
		2AFC98AB2ACD4A2100AB349D /* Products */ = {
			isa = PBXGroup;
			children = (
				2AFC98AA2ACD4A2100AB349D /* Helfy.app */,
				2AFC98C02ACD4A3500AB349D /* HelfyTests.xctest */,
				2AFC98CA2ACD4A3500AB349D /* HelfyUITests.xctest */,
			);
			name = Products;
			sourceTree = "<group>";
		};
		2AFC98AC2ACD4A2100AB349D /* Helfy */ = {
			isa = PBXGroup;
			children = (
				2AFDABE02AFF8B3400A8E19C /* Helfy.entitlements */,
				C1735B342ACFFB57002FFB77 /* View */,
				C1735B332ACFFB46002FFB77 /* Model */,
				2AB9D1422ACFF42B00686F83 /* Controller */,
				2AFC98AD2ACD4A2100AB349D /* AppDelegate.swift */,
				2AFC98AF2ACD4A2100AB349D /* SceneDelegate.swift */,
				2AFC98B62ACD4A3400AB349D /* Assets.xcassets */,
				2AFC98B82ACD4A3400AB349D /* LaunchScreen.storyboard */,
				2AFC98BB2ACD4A3400AB349D /* Info.plist */,
				2A2E02E52AD5510F0026C495 /* GoogleService-Info.plist */,
			);
			path = Helfy;
			sourceTree = "<group>";
		};
		2AFC98C32ACD4A3500AB349D /* HelfyTests */ = {
			isa = PBXGroup;
			children = (
				2AFC98C42ACD4A3500AB349D /* HelfyTests.swift */,
			);
			path = HelfyTests;
			sourceTree = "<group>";
		};
		2AFC98CD2ACD4A3500AB349D /* HelfyUITests */ = {
			isa = PBXGroup;
			children = (
				2AFC98CE2ACD4A3500AB349D /* HelfyUITests.swift */,
				2AFC98D02ACD4A3500AB349D /* HelfyUITestsLaunchTests.swift */,
			);
			path = HelfyUITests;
			sourceTree = "<group>";
		};
		C141B8F72AFB44910000FFA8 /* Frameworks */ = {
			isa = PBXGroup;
			children = (
			);
			name = Frameworks;
			sourceTree = "<group>";
		};
		C1735B332ACFFB46002FFB77 /* Model */ = {
			isa = PBXGroup;
			children = (
				C1735B412AD04532002FFB77 /* RankingModel.swift */,
				2A99A2662AD682050090155C /* QuizeModel.swift */,
				26094C092ADC3E9E000AAD3B /* WriteModel.swift */,
				C141B8FC2AFB4A750000FFA8 /* MypageModel.swift */,
				C1F638E52B0DD26600D4F8C8 /* QuestionModel.swift */,
			);
			path = Model;
			sourceTree = "<group>";
		};
		C1735B342ACFFB57002FFB77 /* View */ = {
			isa = PBXGroup;
			children = (
				C1F638EA2B0F481200D4F8C8 /* Question */,
				2A99A2642AD681DB0090155C /* QuizView.swift */,
				C1735B3D2AD042E5002FFB77 /* RankingView.swift */,
				2A99A2682AD6882F0090155C /* ReportView.swift */,
				2A99A26A2AD688660090155C /* TextView.swift */,
				C1CF0F312AED41270052EC8F /* BottomTabBarView.swift */,
				26094BFA2AD69724000AAD3B /* NaviButtonView.swift */,
				26094C032AD87943000AAD3B /* WriteView.swift */,
				C141B8FA2AFB49D10000FFA8 /* MypageView.swift */,
			);
			path = View;
			sourceTree = "<group>";
		};
		C1F638EA2B0F481200D4F8C8 /* Question */ = {
			isa = PBXGroup;
			children = (
				C1F638E32B0DD24700D4F8C8 /* QuestionView.swift */,
				C1F638EB2B0F483100D4F8C8 /* ChoiceView.swift */,
				C1F638ED2B0F484100D4F8C8 /* MultipleChoiceView.swift */,
				C1F638EF2B0F485000D4F8C8 /* TrueOrFalseQuestionView.swift */,
			);
			path = Question;
			sourceTree = "<group>";
		};
/* End PBXGroup section */

/* Begin PBXNativeTarget section */
		2AFC98A92ACD4A2100AB349D /* Helfy */ = {
			isa = PBXNativeTarget;
			buildConfigurationList = 2AFC98D42ACD4A3500AB349D /* Build configuration list for PBXNativeTarget "Helfy" */;
			buildPhases = (
				2AFC98A62ACD4A2100AB349D /* Sources */,
				2AFC98A72ACD4A2100AB349D /* Frameworks */,
				2AFC98A82ACD4A2100AB349D /* Resources */,
			);
			buildRules = (
			);
			dependencies = (
			);
			name = Helfy;
			packageProductDependencies = (
				2AFC98E02ACD4DB700AB349D /* FirebaseAnalytics */,
				2AFC98E22ACD4DB700AB349D /* FirebaseAnalyticsOnDeviceConversion */,
				2AFC98E42ACD4DB700AB349D /* FirebaseAnalyticsSwift */,
				2AFC98E62ACD4DB700AB349D /* FirebaseAnalyticsWithoutAdIdSupport */,
				2AFC98E82ACD4DB700AB349D /* FirebaseAppCheck */,
				2A2E02E72AD5551C0026C495 /* GoogleSignIn */,
				2A2E02E92AD5551C0026C495 /* GoogleSignInSwift */,
				2AFDABE12AFF8E0200A8E19C /* FirebaseAuth */,
			);
			productName = Helfy;
			productReference = 2AFC98AA2ACD4A2100AB349D /* Helfy.app */;
			productType = "com.apple.product-type.application";
		};
		2AFC98BF2ACD4A3500AB349D /* HelfyTests */ = {
			isa = PBXNativeTarget;
			buildConfigurationList = 2AFC98D72ACD4A3500AB349D /* Build configuration list for PBXNativeTarget "HelfyTests" */;
			buildPhases = (
				2AFC98BC2ACD4A3500AB349D /* Sources */,
				2AFC98BD2ACD4A3500AB349D /* Frameworks */,
				2AFC98BE2ACD4A3500AB349D /* Resources */,
			);
			buildRules = (
			);
			dependencies = (
				2AFC98C22ACD4A3500AB349D /* PBXTargetDependency */,
			);
			name = HelfyTests;
			productName = HelfyTests;
			productReference = 2AFC98C02ACD4A3500AB349D /* HelfyTests.xctest */;
			productType = "com.apple.product-type.bundle.unit-test";
		};
		2AFC98C92ACD4A3500AB349D /* HelfyUITests */ = {
			isa = PBXNativeTarget;
			buildConfigurationList = 2AFC98DA2ACD4A3500AB349D /* Build configuration list for PBXNativeTarget "HelfyUITests" */;
			buildPhases = (
				2AFC98C62ACD4A3500AB349D /* Sources */,
				2AFC98C72ACD4A3500AB349D /* Frameworks */,
				2AFC98C82ACD4A3500AB349D /* Resources */,
			);
			buildRules = (
			);
			dependencies = (
				2AFC98CC2ACD4A3500AB349D /* PBXTargetDependency */,
			);
			name = HelfyUITests;
			productName = HelfyUITests;
			productReference = 2AFC98CA2ACD4A3500AB349D /* HelfyUITests.xctest */;
			productType = "com.apple.product-type.bundle.ui-testing";
		};
/* End PBXNativeTarget section */

/* Begin PBXProject section */
		2AFC98A22ACD4A2100AB349D /* Project object */ = {
			isa = PBXProject;
			attributes = {
				BuildIndependentTargetsInParallel = 1;
				LastSwiftUpdateCheck = 1500;
				LastUpgradeCheck = 1500;
				TargetAttributes = {
					2AFC98A92ACD4A2100AB349D = {
						CreatedOnToolsVersion = 15.0;
					};
					2AFC98BF2ACD4A3500AB349D = {
						CreatedOnToolsVersion = 15.0;
						TestTargetID = 2AFC98A92ACD4A2100AB349D;
					};
					2AFC98C92ACD4A3500AB349D = {
						CreatedOnToolsVersion = 15.0;
						TestTargetID = 2AFC98A92ACD4A2100AB349D;
					};
				};
			};
			buildConfigurationList = 2AFC98A52ACD4A2100AB349D /* Build configuration list for PBXProject "Helfy" */;
			compatibilityVersion = "Xcode 14.0";
			developmentRegion = en;
			hasScannedForEncodings = 0;
			knownRegions = (
				en,
				Base,
			);
			mainGroup = 2AFC98A12ACD4A2100AB349D;
			packageReferences = (
				2AFC98DF2ACD4DB700AB349D /* XCRemoteSwiftPackageReference "firebase-ios-sdk" */,
				2A2E02E42AD5505E0026C495 /* XCRemoteSwiftPackageReference "GoogleSignIn-iOS" */,
			);
			productRefGroup = 2AFC98AB2ACD4A2100AB349D /* Products */;
			projectDirPath = "";
			projectRoot = "";
			targets = (
				2AFC98A92ACD4A2100AB349D /* Helfy */,
				2AFC98BF2ACD4A3500AB349D /* HelfyTests */,
				2AFC98C92ACD4A3500AB349D /* HelfyUITests */,
			);
		};
/* End PBXProject section */

/* Begin PBXResourcesBuildPhase section */
		2AFC98A82ACD4A2100AB349D /* Resources */ = {
			isa = PBXResourcesBuildPhase;
			buildActionMask = 2147483647;
			files = (
				2AFC98BA2ACD4A3400AB349D /* LaunchScreen.storyboard in Resources */,
				2AFC98B72ACD4A3400AB349D /* Assets.xcassets in Resources */,
				2A2E02E62AD5510F0026C495 /* GoogleService-Info.plist in Resources */,
			);
			runOnlyForDeploymentPostprocessing = 0;
		};
		2AFC98BE2ACD4A3500AB349D /* Resources */ = {
			isa = PBXResourcesBuildPhase;
			buildActionMask = 2147483647;
			files = (
			);
			runOnlyForDeploymentPostprocessing = 0;
		};
		2AFC98C82ACD4A3500AB349D /* Resources */ = {
			isa = PBXResourcesBuildPhase;
			buildActionMask = 2147483647;
			files = (
			);
			runOnlyForDeploymentPostprocessing = 0;
		};
/* End PBXResourcesBuildPhase section */

/* Begin PBXSourcesBuildPhase section */
		2AFC98A62ACD4A2100AB349D /* Sources */ = {
			isa = PBXSourcesBuildPhase;
			buildActionMask = 2147483647;
			files = (
				C141B8FF2AFB4AC80000FFA8 /* MypageViewController.swift in Sources */,
				26094BFB2AD69724000AAD3B /* NaviButtonView.swift in Sources */,
				C1735B422AD04532002FFB77 /* RankingModel.swift in Sources */,
				2A99A2652AD681DB0090155C /* QuizView.swift in Sources */,
				C141B8FB2AFB49D10000FFA8 /* MypageView.swift in Sources */,
				26094C072AD87971000AAD3B /* WriteViewController.swift in Sources */,
				2A99A2672AD682050090155C /* QuizeModel.swift in Sources */,
				C1F638EC2B0F483100D4F8C8 /* ChoiceView.swift in Sources */,
				C1F638E62B0DD26600D4F8C8 /* QuestionModel.swift in Sources */,
				C1F638E42B0DD24700D4F8C8 /* QuestionView.swift in Sources */,
				C1F638EE2B0F484100D4F8C8 /* MultipleChoiceView.swift in Sources */,
				C1735B3E2AD042E5002FFB77 /* RankingView.swift in Sources */,
				C1CF0F342AED472F0052EC8F /* TabBarViewController.swift in Sources */,
				C141B8FD2AFB4A750000FFA8 /* MypageModel.swift in Sources */,
				C1CF0F362AEFA9E70052EC8F /* HomeViewController.swift in Sources */,
				C1CF0F322AED41270052EC8F /* BottomTabBarView.swift in Sources */,
				2A2E02E32AD54D970026C495 /* LoginViewController.swift in Sources */,
				C1CF0F382AEFAA2C0052EC8F /* CommunityViewController.swift in Sources */,
				26094C0A2ADC3E9E000AAD3B /* WriteModel.swift in Sources */,
				26094C042AD87943000AAD3B /* WriteView.swift in Sources */,
				2A99A2692AD6882F0090155C /* ReportView.swift in Sources */,
				2A74D6742ADD27DF00800E9E /* AppleSignIn.swift in Sources */,
				2A74D6792ADD2CBB00800E9E /* FirebaseAuth.swift in Sources */,
				C1F638F02B0F485000D4F8C8 /* TrueOrFalseQuestionView.swift in Sources */,
				2A74D6772ADD2C4300800E9E /* GoogleSignIn.swift in Sources */,
				2AFC98AE2ACD4A2100AB349D /* AppDelegate.swift in Sources */,
				26094C022AD87577000AAD3B /* NavigationController.swift in Sources */,
				26EA7E4C2AD1540300FFE7ED /* ReportViewController.swift in Sources */,
				2A99A26B2AD688660090155C /* TextView.swift in Sources */,
				C1F638E82B0DD27D00D4F8C8 /* QuestionViewController.swift in Sources */,
				C1735B3C2AD03F61002FFB77 /* QuizViewController.swift in Sources */,
				2AFC98B02ACD4A2100AB349D /* SceneDelegate.swift in Sources */,
			);
			runOnlyForDeploymentPostprocessing = 0;
		};
		2AFC98BC2ACD4A3500AB349D /* Sources */ = {
			isa = PBXSourcesBuildPhase;
			buildActionMask = 2147483647;
			files = (
				2AFC98C52ACD4A3500AB349D /* HelfyTests.swift in Sources */,
			);
			runOnlyForDeploymentPostprocessing = 0;
		};
		2AFC98C62ACD4A3500AB349D /* Sources */ = {
			isa = PBXSourcesBuildPhase;
			buildActionMask = 2147483647;
			files = (
				2AFC98CF2ACD4A3500AB349D /* HelfyUITests.swift in Sources */,
				2AFC98D12ACD4A3500AB349D /* HelfyUITestsLaunchTests.swift in Sources */,
			);
			runOnlyForDeploymentPostprocessing = 0;
		};
/* End PBXSourcesBuildPhase section */

/* Begin PBXTargetDependency section */
		2AFC98C22ACD4A3500AB349D /* PBXTargetDependency */ = {
			isa = PBXTargetDependency;
			target = 2AFC98A92ACD4A2100AB349D /* Helfy */;
			targetProxy = 2AFC98C12ACD4A3500AB349D /* PBXContainerItemProxy */;
		};
		2AFC98CC2ACD4A3500AB349D /* PBXTargetDependency */ = {
			isa = PBXTargetDependency;
			target = 2AFC98A92ACD4A2100AB349D /* Helfy */;
			targetProxy = 2AFC98CB2ACD4A3500AB349D /* PBXContainerItemProxy */;
		};
/* End PBXTargetDependency section */

/* Begin PBXVariantGroup section */
		2AFC98B82ACD4A3400AB349D /* LaunchScreen.storyboard */ = {
			isa = PBXVariantGroup;
			children = (
				2AFC98B92ACD4A3400AB349D /* Base */,
			);
			name = LaunchScreen.storyboard;
			sourceTree = "<group>";
		};
/* End PBXVariantGroup section */

/* Begin XCBuildConfiguration section */
		2AFC98D22ACD4A3500AB349D /* Debug */ = {
			isa = XCBuildConfiguration;
			buildSettings = {
				ALWAYS_SEARCH_USER_PATHS = NO;
				ASSETCATALOG_COMPILER_GENERATE_SWIFT_ASSET_SYMBOL_EXTENSIONS = YES;
				CLANG_ANALYZER_NONNULL = YES;
				CLANG_ANALYZER_NUMBER_OBJECT_CONVERSION = YES_AGGRESSIVE;
				CLANG_CXX_LANGUAGE_STANDARD = "gnu++20";
				CLANG_ENABLE_MODULES = YES;
				CLANG_ENABLE_OBJC_ARC = YES;
				CLANG_ENABLE_OBJC_WEAK = YES;
				CLANG_WARN_BLOCK_CAPTURE_AUTORELEASING = YES;
				CLANG_WARN_BOOL_CONVERSION = YES;
				CLANG_WARN_COMMA = YES;
				CLANG_WARN_CONSTANT_CONVERSION = YES;
				CLANG_WARN_DEPRECATED_OBJC_IMPLEMENTATIONS = YES;
				CLANG_WARN_DIRECT_OBJC_ISA_USAGE = YES_ERROR;
				CLANG_WARN_DOCUMENTATION_COMMENTS = YES;
				CLANG_WARN_EMPTY_BODY = YES;
				CLANG_WARN_ENUM_CONVERSION = YES;
				CLANG_WARN_INFINITE_RECURSION = YES;
				CLANG_WARN_INT_CONVERSION = YES;
				CLANG_WARN_NON_LITERAL_NULL_CONVERSION = YES;
				CLANG_WARN_OBJC_IMPLICIT_RETAIN_SELF = YES;
				CLANG_WARN_OBJC_LITERAL_CONVERSION = YES;
				CLANG_WARN_OBJC_ROOT_CLASS = YES_ERROR;
				CLANG_WARN_QUOTED_INCLUDE_IN_FRAMEWORK_HEADER = YES;
				CLANG_WARN_RANGE_LOOP_ANALYSIS = YES;
				CLANG_WARN_STRICT_PROTOTYPES = YES;
				CLANG_WARN_SUSPICIOUS_MOVE = YES;
				CLANG_WARN_UNGUARDED_AVAILABILITY = YES_AGGRESSIVE;
				CLANG_WARN_UNREACHABLE_CODE = YES;
				CLANG_WARN__DUPLICATE_METHOD_MATCH = YES;
				COPY_PHASE_STRIP = NO;
				DEBUG_INFORMATION_FORMAT = dwarf;
				ENABLE_STRICT_OBJC_MSGSEND = YES;
				ENABLE_TESTABILITY = YES;
				ENABLE_USER_SCRIPT_SANDBOXING = YES;
				GCC_C_LANGUAGE_STANDARD = gnu17;
				GCC_DYNAMIC_NO_PIC = NO;
				GCC_NO_COMMON_BLOCKS = YES;
				GCC_OPTIMIZATION_LEVEL = 0;
				GCC_PREPROCESSOR_DEFINITIONS = (
					"DEBUG=1",
					"$(inherited)",
				);
				GCC_WARN_64_TO_32_BIT_CONVERSION = YES;
				GCC_WARN_ABOUT_RETURN_TYPE = YES_ERROR;
				GCC_WARN_UNDECLARED_SELECTOR = YES;
				GCC_WARN_UNINITIALIZED_AUTOS = YES_AGGRESSIVE;
				GCC_WARN_UNUSED_FUNCTION = YES;
				GCC_WARN_UNUSED_VARIABLE = YES;
				INFOPLIST_FILE = Helfy/Info.plist;
				IPHONEOS_DEPLOYMENT_TARGET = 16.2;
				LOCALIZATION_PREFERS_STRING_CATALOGS = YES;
				MTL_ENABLE_DEBUG_INFO = INCLUDE_SOURCE;
				MTL_FAST_MATH = YES;
				ONLY_ACTIVE_ARCH = YES;
				SDKROOT = iphoneos;
				SWIFT_ACTIVE_COMPILATION_CONDITIONS = "DEBUG $(inherited)";
				SWIFT_OPTIMIZATION_LEVEL = "-Onone";
			};
			name = Debug;
		};
		2AFC98D32ACD4A3500AB349D /* Release */ = {
			isa = XCBuildConfiguration;
			buildSettings = {
				ALWAYS_SEARCH_USER_PATHS = NO;
				ASSETCATALOG_COMPILER_GENERATE_SWIFT_ASSET_SYMBOL_EXTENSIONS = YES;
				CLANG_ANALYZER_NONNULL = YES;
				CLANG_ANALYZER_NUMBER_OBJECT_CONVERSION = YES_AGGRESSIVE;
				CLANG_CXX_LANGUAGE_STANDARD = "gnu++20";
				CLANG_ENABLE_MODULES = YES;
				CLANG_ENABLE_OBJC_ARC = YES;
				CLANG_ENABLE_OBJC_WEAK = YES;
				CLANG_WARN_BLOCK_CAPTURE_AUTORELEASING = YES;
				CLANG_WARN_BOOL_CONVERSION = YES;
				CLANG_WARN_COMMA = YES;
				CLANG_WARN_CONSTANT_CONVERSION = YES;
				CLANG_WARN_DEPRECATED_OBJC_IMPLEMENTATIONS = YES;
				CLANG_WARN_DIRECT_OBJC_ISA_USAGE = YES_ERROR;
				CLANG_WARN_DOCUMENTATION_COMMENTS = YES;
				CLANG_WARN_EMPTY_BODY = YES;
				CLANG_WARN_ENUM_CONVERSION = YES;
				CLANG_WARN_INFINITE_RECURSION = YES;
				CLANG_WARN_INT_CONVERSION = YES;
				CLANG_WARN_NON_LITERAL_NULL_CONVERSION = YES;
				CLANG_WARN_OBJC_IMPLICIT_RETAIN_SELF = YES;
				CLANG_WARN_OBJC_LITERAL_CONVERSION = YES;
				CLANG_WARN_OBJC_ROOT_CLASS = YES_ERROR;
				CLANG_WARN_QUOTED_INCLUDE_IN_FRAMEWORK_HEADER = YES;
				CLANG_WARN_RANGE_LOOP_ANALYSIS = YES;
				CLANG_WARN_STRICT_PROTOTYPES = YES;
				CLANG_WARN_SUSPICIOUS_MOVE = YES;
				CLANG_WARN_UNGUARDED_AVAILABILITY = YES_AGGRESSIVE;
				CLANG_WARN_UNREACHABLE_CODE = YES;
				CLANG_WARN__DUPLICATE_METHOD_MATCH = YES;
				COPY_PHASE_STRIP = NO;
				DEBUG_INFORMATION_FORMAT = "dwarf-with-dsym";
				ENABLE_NS_ASSERTIONS = NO;
				ENABLE_STRICT_OBJC_MSGSEND = YES;
				ENABLE_USER_SCRIPT_SANDBOXING = YES;
				GCC_C_LANGUAGE_STANDARD = gnu17;
				GCC_NO_COMMON_BLOCKS = YES;
				GCC_WARN_64_TO_32_BIT_CONVERSION = YES;
				GCC_WARN_ABOUT_RETURN_TYPE = YES_ERROR;
				GCC_WARN_UNDECLARED_SELECTOR = YES;
				GCC_WARN_UNINITIALIZED_AUTOS = YES_AGGRESSIVE;
				GCC_WARN_UNUSED_FUNCTION = YES;
				GCC_WARN_UNUSED_VARIABLE = YES;
				INFOPLIST_FILE = Helfy/Info.plist;
				IPHONEOS_DEPLOYMENT_TARGET = 16.2;
				LOCALIZATION_PREFERS_STRING_CATALOGS = YES;
				MTL_ENABLE_DEBUG_INFO = NO;
				MTL_FAST_MATH = YES;
				SDKROOT = iphoneos;
				SWIFT_COMPILATION_MODE = wholemodule;
				VALIDATE_PRODUCT = YES;
			};
			name = Release;
		};
		2AFC98D52ACD4A3500AB349D /* Debug */ = {
			isa = XCBuildConfiguration;
			buildSettings = {
				ASSETCATALOG_COMPILER_APPICON_NAME = AppIcon;
				ASSETCATALOG_COMPILER_GLOBAL_ACCENT_COLOR_NAME = AccentColor;
				CODE_SIGN_ENTITLEMENTS = Helfy/Helfy.entitlements;
				CODE_SIGN_IDENTITY = "Apple Development";
				"CODE_SIGN_IDENTITY[sdk=iphoneos*]" = "iPhone Developer";
				CODE_SIGN_STYLE = Manual;
				CURRENT_PROJECT_VERSION = 1;
				DEVELOPMENT_TEAM = "";
				"DEVELOPMENT_TEAM[sdk=iphoneos*]" = A95XXD5WT7;
				GENERATE_INFOPLIST_FILE = YES;
				INFOPLIST_FILE = Helfy/Info.plist;
				INFOPLIST_KEY_UIApplicationSupportsIndirectInputEvents = YES;
				INFOPLIST_KEY_UILaunchStoryboardName = LaunchScreen;
				INFOPLIST_KEY_UISupportedInterfaceOrientations_iPad = "UIInterfaceOrientationPortrait UIInterfaceOrientationPortraitUpsideDown UIInterfaceOrientationLandscapeLeft UIInterfaceOrientationLandscapeRight";
				INFOPLIST_KEY_UISupportedInterfaceOrientations_iPhone = "UIInterfaceOrientationPortrait UIInterfaceOrientationLandscapeLeft UIInterfaceOrientationLandscapeRight";
				LD_RUNPATH_SEARCH_PATHS = (
					"$(inherited)",
					"@executable_path/Frameworks",
				);
				MARKETING_VERSION = 1.0;
				PRODUCT_BUNDLE_IDENTIFIER = com.hanni.Helfy;
				PRODUCT_NAME = "$(TARGET_NAME)";
				PROVISIONING_PROFILE_SPECIFIER = "";
				"PROVISIONING_PROFILE_SPECIFIER[sdk=iphoneos*]" = Helfy;
				SWIFT_EMIT_LOC_STRINGS = YES;
				SWIFT_VERSION = 5.0;
				TARGETED_DEVICE_FAMILY = "1,2";
			};
			name = Debug;
		};
		2AFC98D62ACD4A3500AB349D /* Release */ = {
			isa = XCBuildConfiguration;
			buildSettings = {
				ASSETCATALOG_COMPILER_APPICON_NAME = AppIcon;
				ASSETCATALOG_COMPILER_GLOBAL_ACCENT_COLOR_NAME = AccentColor;
				CODE_SIGN_ENTITLEMENTS = Helfy/Helfy.entitlements;
				CODE_SIGN_IDENTITY = "Apple Development";
				"CODE_SIGN_IDENTITY[sdk=iphoneos*]" = "iPhone Developer";
				CODE_SIGN_STYLE = Manual;
				CURRENT_PROJECT_VERSION = 1;
				DEVELOPMENT_TEAM = "";
				"DEVELOPMENT_TEAM[sdk=iphoneos*]" = A95XXD5WT7;
				GENERATE_INFOPLIST_FILE = YES;
				INFOPLIST_FILE = Helfy/Info.plist;
				INFOPLIST_KEY_UIApplicationSupportsIndirectInputEvents = YES;
				INFOPLIST_KEY_UILaunchStoryboardName = LaunchScreen;
				INFOPLIST_KEY_UISupportedInterfaceOrientations_iPad = "UIInterfaceOrientationPortrait UIInterfaceOrientationPortraitUpsideDown UIInterfaceOrientationLandscapeLeft UIInterfaceOrientationLandscapeRight";
				INFOPLIST_KEY_UISupportedInterfaceOrientations_iPhone = "UIInterfaceOrientationPortrait UIInterfaceOrientationLandscapeLeft UIInterfaceOrientationLandscapeRight";
				LD_RUNPATH_SEARCH_PATHS = (
					"$(inherited)",
					"@executable_path/Frameworks",
				);
				MARKETING_VERSION = 1.0;
				PRODUCT_BUNDLE_IDENTIFIER = com.hanni.Helfy;
				PRODUCT_NAME = "$(TARGET_NAME)";
				PROVISIONING_PROFILE_SPECIFIER = "";
				"PROVISIONING_PROFILE_SPECIFIER[sdk=iphoneos*]" = Helfy;
				SWIFT_EMIT_LOC_STRINGS = YES;
				SWIFT_VERSION = 5.0;
				TARGETED_DEVICE_FAMILY = "1,2";
			};
			name = Release;
		};
		2AFC98D82ACD4A3500AB349D /* Debug */ = {
			isa = XCBuildConfiguration;
			buildSettings = {
				ALWAYS_EMBED_SWIFT_STANDARD_LIBRARIES = YES;
				BUNDLE_LOADER = "$(TEST_HOST)";
				"CODE_SIGN_IDENTITY[sdk=iphoneos*]" = "iPhone Developer";
				CODE_SIGN_STYLE = Manual;
				CURRENT_PROJECT_VERSION = 1;
				DEVELOPMENT_TEAM = "";
				"DEVELOPMENT_TEAM[sdk=iphoneos*]" = A95XXD5WT7;
				GENERATE_INFOPLIST_FILE = YES;
				IPHONEOS_DEPLOYMENT_TARGET = 17.0;
				MARKETING_VERSION = 1.0;
				PRODUCT_BUNDLE_IDENTIFIER = com.hanni.HelfyTests;
				PRODUCT_NAME = "$(TARGET_NAME)";
				PROVISIONING_PROFILE_SPECIFIER = "";
				"PROVISIONING_PROFILE_SPECIFIER[sdk=iphoneos*]" = Helfy;
				SWIFT_EMIT_LOC_STRINGS = NO;
				SWIFT_VERSION = 5.0;
				TARGETED_DEVICE_FAMILY = "1,2";
				TEST_HOST = "$(BUILT_PRODUCTS_DIR)/Helfy.app/$(BUNDLE_EXECUTABLE_FOLDER_PATH)/Helfy";
			};
			name = Debug;
		};
		2AFC98D92ACD4A3500AB349D /* Release */ = {
			isa = XCBuildConfiguration;
			buildSettings = {
				ALWAYS_EMBED_SWIFT_STANDARD_LIBRARIES = YES;
				BUNDLE_LOADER = "$(TEST_HOST)";
				"CODE_SIGN_IDENTITY[sdk=iphoneos*]" = "iPhone Developer";
				CODE_SIGN_STYLE = Manual;
				CURRENT_PROJECT_VERSION = 1;
				DEVELOPMENT_TEAM = "";
				"DEVELOPMENT_TEAM[sdk=iphoneos*]" = A95XXD5WT7;
				GENERATE_INFOPLIST_FILE = YES;
				IPHONEOS_DEPLOYMENT_TARGET = 17.0;
				MARKETING_VERSION = 1.0;
				PRODUCT_BUNDLE_IDENTIFIER = com.hanni.HelfyTests;
				PRODUCT_NAME = "$(TARGET_NAME)";
				PROVISIONING_PROFILE_SPECIFIER = "";
				"PROVISIONING_PROFILE_SPECIFIER[sdk=iphoneos*]" = Helfy;
				SWIFT_EMIT_LOC_STRINGS = NO;
				SWIFT_VERSION = 5.0;
				TARGETED_DEVICE_FAMILY = "1,2";
				TEST_HOST = "$(BUILT_PRODUCTS_DIR)/Helfy.app/$(BUNDLE_EXECUTABLE_FOLDER_PATH)/Helfy";
			};
			name = Release;
		};
		2AFC98DB2ACD4A3500AB349D /* Debug */ = {
			isa = XCBuildConfiguration;
			buildSettings = {
				ALWAYS_EMBED_SWIFT_STANDARD_LIBRARIES = YES;
				CODE_SIGN_STYLE = Automatic;
				CURRENT_PROJECT_VERSION = 1;
				DEVELOPMENT_TEAM = JVBAL8CV7V;
				GENERATE_INFOPLIST_FILE = YES;
				MARKETING_VERSION = 1.0;
				PRODUCT_BUNDLE_IDENTIFIER = com.hanni.HelfyUITests;
				PRODUCT_NAME = "$(TARGET_NAME)";
				SWIFT_EMIT_LOC_STRINGS = NO;
				SWIFT_VERSION = 5.0;
				TARGETED_DEVICE_FAMILY = "1,2";
				TEST_TARGET_NAME = Helfy;
			};
			name = Debug;
		};
		2AFC98DC2ACD4A3500AB349D /* Release */ = {
			isa = XCBuildConfiguration;
			buildSettings = {
				ALWAYS_EMBED_SWIFT_STANDARD_LIBRARIES = YES;
				CODE_SIGN_STYLE = Automatic;
				CURRENT_PROJECT_VERSION = 1;
				DEVELOPMENT_TEAM = JVBAL8CV7V;
				GENERATE_INFOPLIST_FILE = YES;
				MARKETING_VERSION = 1.0;
				PRODUCT_BUNDLE_IDENTIFIER = com.hanni.HelfyUITests;
				PRODUCT_NAME = "$(TARGET_NAME)";
				SWIFT_EMIT_LOC_STRINGS = NO;
				SWIFT_VERSION = 5.0;
				TARGETED_DEVICE_FAMILY = "1,2";
				TEST_TARGET_NAME = Helfy;
			};
			name = Release;
		};
/* End XCBuildConfiguration section */

/* Begin XCConfigurationList section */
		2AFC98A52ACD4A2100AB349D /* Build configuration list for PBXProject "Helfy" */ = {
			isa = XCConfigurationList;
			buildConfigurations = (
				2AFC98D22ACD4A3500AB349D /* Debug */,
				2AFC98D32ACD4A3500AB349D /* Release */,
			);
			defaultConfigurationIsVisible = 0;
			defaultConfigurationName = Release;
		};
		2AFC98D42ACD4A3500AB349D /* Build configuration list for PBXNativeTarget "Helfy" */ = {
			isa = XCConfigurationList;
			buildConfigurations = (
				2AFC98D52ACD4A3500AB349D /* Debug */,
				2AFC98D62ACD4A3500AB349D /* Release */,
			);
			defaultConfigurationIsVisible = 0;
			defaultConfigurationName = Release;
		};
		2AFC98D72ACD4A3500AB349D /* Build configuration list for PBXNativeTarget "HelfyTests" */ = {
			isa = XCConfigurationList;
			buildConfigurations = (
				2AFC98D82ACD4A3500AB349D /* Debug */,
				2AFC98D92ACD4A3500AB349D /* Release */,
			);
			defaultConfigurationIsVisible = 0;
			defaultConfigurationName = Release;
		};
		2AFC98DA2ACD4A3500AB349D /* Build configuration list for PBXNativeTarget "HelfyUITests" */ = {
			isa = XCConfigurationList;
			buildConfigurations = (
				2AFC98DB2ACD4A3500AB349D /* Debug */,
				2AFC98DC2ACD4A3500AB349D /* Release */,
			);
			defaultConfigurationIsVisible = 0;
			defaultConfigurationName = Release;
		};
/* End XCConfigurationList section */

/* Begin XCRemoteSwiftPackageReference section */
		2A2E02E42AD5505E0026C495 /* XCRemoteSwiftPackageReference "GoogleSignIn-iOS" */ = {
			isa = XCRemoteSwiftPackageReference;
			repositoryURL = "https://github.com/google/GoogleSignIn-iOS";
			requirement = {
				kind = upToNextMajorVersion;
				minimumVersion = 7.0.0;
			};
		};
		2AFC98DF2ACD4DB700AB349D /* XCRemoteSwiftPackageReference "firebase-ios-sdk" */ = {
			isa = XCRemoteSwiftPackageReference;
			repositoryURL = "https://github.com/firebase/firebase-ios-sdk";
			requirement = {
				kind = upToNextMajorVersion;
				minimumVersion = 10.16.0;
			};
		};
/* End XCRemoteSwiftPackageReference section */

/* Begin XCSwiftPackageProductDependency section */
		2A2E02E72AD5551C0026C495 /* GoogleSignIn */ = {
			isa = XCSwiftPackageProductDependency;
			package = 2A2E02E42AD5505E0026C495 /* XCRemoteSwiftPackageReference "GoogleSignIn-iOS" */;
			productName = GoogleSignIn;
		};
		2A2E02E92AD5551C0026C495 /* GoogleSignInSwift */ = {
			isa = XCSwiftPackageProductDependency;
			package = 2A2E02E42AD5505E0026C495 /* XCRemoteSwiftPackageReference "GoogleSignIn-iOS" */;
			productName = GoogleSignInSwift;
		};
		2AFC98E02ACD4DB700AB349D /* FirebaseAnalytics */ = {
			isa = XCSwiftPackageProductDependency;
			package = 2AFC98DF2ACD4DB700AB349D /* XCRemoteSwiftPackageReference "firebase-ios-sdk" */;
			productName = FirebaseAnalytics;
		};
		2AFC98E22ACD4DB700AB349D /* FirebaseAnalyticsOnDeviceConversion */ = {
			isa = XCSwiftPackageProductDependency;
			package = 2AFC98DF2ACD4DB700AB349D /* XCRemoteSwiftPackageReference "firebase-ios-sdk" */;
			productName = FirebaseAnalyticsOnDeviceConversion;
		};
		2AFC98E42ACD4DB700AB349D /* FirebaseAnalyticsSwift */ = {
			isa = XCSwiftPackageProductDependency;
			package = 2AFC98DF2ACD4DB700AB349D /* XCRemoteSwiftPackageReference "firebase-ios-sdk" */;
			productName = FirebaseAnalyticsSwift;
		};
		2AFC98E62ACD4DB700AB349D /* FirebaseAnalyticsWithoutAdIdSupport */ = {
			isa = XCSwiftPackageProductDependency;
			package = 2AFC98DF2ACD4DB700AB349D /* XCRemoteSwiftPackageReference "firebase-ios-sdk" */;
			productName = FirebaseAnalyticsWithoutAdIdSupport;
		};
		2AFC98E82ACD4DB700AB349D /* FirebaseAppCheck */ = {
			isa = XCSwiftPackageProductDependency;
			package = 2AFC98DF2ACD4DB700AB349D /* XCRemoteSwiftPackageReference "firebase-ios-sdk" */;
			productName = FirebaseAppCheck;
		};
		2AFDABE12AFF8E0200A8E19C /* FirebaseAuth */ = {
			isa = XCSwiftPackageProductDependency;
			package = 2AFC98DF2ACD4DB700AB349D /* XCRemoteSwiftPackageReference "firebase-ios-sdk" */;
			productName = FirebaseAuth;
		};
/* End XCSwiftPackageProductDependency section */
	};
	rootObject = 2AFC98A22ACD4A2100AB349D /* Project object */;
}
